
Microsoft Visual Studio Solution File, Format Version 12.00
# Visual Studio Version 17
VisualStudioVersion = 17.2.32516.85
MinimumVisualStudioVersion = 10.0.40219.1
Project("{FAE04EC0-301F-11D3-BF4B-00C04F79EFBC}") = "suai-teacher-info-service", "suai-teacher-info-service\suai-teacher-info-service.csproj", "{C6D5567F-9088-4C5B-AED5-2C7AC55F648C}"
EndProject
Global
	GlobalSection(SolutionConfigurationPlatforms) = preSolution
		Debug|Any CPU = Debug|Any CPU
		Release|Any CPU = Release|Any CPU
	EndGlobalSection
	GlobalSection(ProjectConfigurationPlatforms) = postSolution
		{C6D5567F-9088-4C5B-AED5-2C7AC55F648C}.Debug|Any CPU.ActiveCfg = Debug|Any CPU
		{C6D5567F-9088-4C5B-AED5-2C7AC55F648C}.Debug|Any CPU.Build.0 = Debug|Any CPU
		{C6D5567F-9088-4C5B-AED5-2C7AC55F648C}.Release|Any CPU.ActiveCfg = Release|Any CPU
		{C6D5567F-9088-4C5B-AED5-2C7AC55F648C}.Release|Any CPU.Build.0 = Release|Any CPU
	EndGlobalSection
	GlobalSection(SolutionProperties) = preSolution
		HideSolutionNode = FALSE
	EndGlobalSection
	GlobalSection(ExtensibilityGlobals) = postSolution
		SolutionGuid = {0DE0022E-D664-4440-BA50-8E6A9BCC4ADD}
	EndGlobalSection
EndGlobal
